
Microsoft Visual Studio Solution File, Format Version 12.00
# Visual Studio Version 16
VisualStudioVersion = 16.0.31112.23
MinimumVisualStudioVersion = 10.0.40219.1
Project("{9A19103F-16F7-4668-BE54-9A1E7A4F7556}") = "ConsignmentShopUI", "ConsignmentShopUI\ConsignmentShopUI.csproj", "{777D6222-395D-4AF8-8D13-09F638CC1EA2}"
EndProject
Project("{FAE04EC0-301F-11D3-BF4B-00C04F79EFBC}") = "ConsignmentShopLibrary", "ConsignmentShopLibrary\ConsignmentShopLibrary.csproj", "{88BC97C7-A2F2-46A7-904D-4258932B3C53}"
EndProject
Global
	GlobalSection(SolutionConfigurationPlatforms) = preSolution
		Debug|Any CPU = Debug|Any CPU
		Release|Any CPU = Release|Any CPU
	EndGlobalSection
	GlobalSection(ProjectConfigurationPlatforms) = postSolution
		{777D6222-395D-4AF8-8D13-09F638CC1EA2}.Debug|Any CPU.ActiveCfg = Debug|Any CPU
		{777D6222-395D-4AF8-8D13-09F638CC1EA2}.Debug|Any CPU.Build.0 = Debug|Any CPU
		{777D6222-395D-4AF8-8D13-09F638CC1EA2}.Release|Any CPU.ActiveCfg = Release|Any CPU
		{777D6222-395D-4AF8-8D13-09F638CC1EA2}.Release|Any CPU.Build.0 = Release|Any CPU
		{88BC97C7-A2F2-46A7-904D-4258932B3C53}.Debug|Any CPU.ActiveCfg = Debug|Any CPU
		{88BC97C7-A2F2-46A7-904D-4258932B3C53}.Debug|Any CPU.Build.0 = Debug|Any CPU
		{88BC97C7-A2F2-46A7-904D-4258932B3C53}.Release|Any CPU.ActiveCfg = Release|Any CPU
		{88BC97C7-A2F2-46A7-904D-4258932B3C53}.Release|Any CPU.Build.0 = Release|Any CPU
	EndGlobalSection
	GlobalSection(SolutionProperties) = preSolution
		HideSolutionNode = FALSE
	EndGlobalSection
	GlobalSection(ExtensibilityGlobals) = postSolution
		SolutionGuid = {E1504D82-2D40-4A01-8C93-01BCF22EA20C}
	EndGlobalSection
EndGlobal
